# This file is automatically @generated by Poetry 1.8.2 and should not be changed by hand.

[[package]]
name = "aerich"
version = "0.9.2"
description = "A database migrations tool for Tortoise ORM."
optional = false
python-versions = ">=3.9"
files = [
    {file = "aerich-0.9.2-py3-none-any.whl", hash = "sha256:d0f007acb21f6559f1eccd4e404fb039cf48af2689e0669afa62989389c0582d"},
    {file = "aerich-0.9.2.tar.gz", hash = "sha256:02d58658714eebe396fe7bd9f9401db3a60a44dc885910ad3990920d0357317d"},
]

[package.dependencies]
anyio = ">=3.6.2,<5.0.0"
asyncclick = ">=8.1.7,<9.0.0"
dictdiffer = ">=0.9.0,<1.0.0"
tortoise-orm = ">=0.21.0,<1.0.0"

[package.extras]
asyncmy = ["asyncmy (>=0.2.9)"]
asyncpg = ["asyncpg"]
mysql = ["aiomysql (>=0.2.0)"]
psycopg = ["psycopg[binary,pool] (>=3.0.12,<4.0.0)"]
toml = ["tomli-w (>=1.1.0,<2.0.0)", "tomlkit (>=0.11.4,<1.0.0)"]

[[package]]
name = "aiosqlite"
version = "0.21.0"
description = "asyncio bridge to the standard sqlite3 module"
optional = false
python-versions = ">=3.9"
files = [
    {file = "aiosqlite-0.21.0-py3-none-any.whl", hash = "sha256:2549cf4057f95f53dcba16f2b64e8e2791d7e1adedb13197dd8ed77bb226d7d0"},
    {file = "aiosqlite-0.21.0.tar.gz", hash = "sha256:131bb8056daa3bc875608c631c678cda73922a2d4ba8aec373b19f18c17e7aa3"},
]

[package.dependencies]
typing_extensions = ">=4.0"

[package.extras]
dev = ["attribution (==1.7.1)", "black (==24.3.0)", "build (>=1.2)", "coverage[toml] (==7.6.10)", "flake8 (==7.0.0)", "flake8-bugbear (==24.12.12)", "flit (==3.10.1)", "mypy (==1.14.1)", "ufmt (==2.5.1)", "usort (==1.0.8.post1)"]
docs = ["sphinx (==8.1.3)", "sphinx-mdinclude (==0.6.1)"]

[[package]]
name = "anyio"
version = "4.11.0"
description = "High-level concurrency and networking framework on top of asyncio or Trio"
optional = false
python-versions = ">=3.9"
files = [
    {file = "anyio-4.11.0-py3-none-any.whl", hash = "sha256:0287e96f4d26d4149305414d4e3bc32f0dcd0862365a4bddea19d7a1ec38c4fc"},
    {file = "anyio-4.11.0.tar.gz", hash = "sha256:82a8d0b81e318cc5ce71a5f1f8b5c4e63619620b63141ef8c995fa0db95a57c4"},
]

[package.dependencies]
idna = ">=2.8"
sniffio = ">=1.1"
typing_extensions = {version = ">=4.5", markers = "python_version < \"3.13\""}

[package.extras]
trio = ["trio (>=0.31.0)"]

[[package]]
name = "asyncclick"
version = "8.3.0.7"
description = "Composable command line interface toolkit, async fork"
optional = false
python-versions = ">=3.11"
files = [
    {file = "asyncclick-8.3.0.7-py3-none-any.whl", hash = "sha256:7607046de39a3f315867cad818849f973e29d350c10d92f251db3ff7600c6c7d"},
    {file = "asyncclick-8.3.0.7.tar.gz", hash = "sha256:8a80d8ac613098ee6a9a8f0248f60c66c273e22402cf3f115ed7f071acfc71d3"},
]

[package.dependencies]
colorama = {version = "*", markers = "platform_system == \"Windows\""}

[[package]]
name = "colorama"
version = "0.4.6"
description = "Cross-platform colored terminal text."
optional = false
python-versions = "!=3.0.*,!=3.1.*,!=3.2.*,!=3.3.*,!=3.4.*,!=3.5.*,!=3.6.*,>=2.7"
files = [
    {file = "colorama-0.4.6-py2.py3-none-any.whl", hash = "sha256:4f1d9991f5acc0ca119f9d443620b77f9d6b33703e51011c16baf57afb285fc6"},
    {file = "colorama-0.4.6.tar.gz", hash = "sha256:08695f5cb7ed6e0531a20572697297273c47b8cae5a63ffc6d6ed5c201be6e44"},
]

[[package]]
name = "dictdiffer"
version = "0.9.0"
description = "Dictdiffer is a library that helps you to diff and patch dictionaries."
optional = false
python-versions = "*"
files = [
    {file = "dictdiffer-0.9.0-py2.py3-none-any.whl", hash = "sha256:442bfc693cfcadaf46674575d2eba1c53b42f5e404218ca2c2ff549f2df56595"},
    {file = "dictdiffer-0.9.0.tar.gz", hash = "sha256:17bacf5fbfe613ccf1b6d512bd766e6b21fb798822a133aa86098b8ac9997578"},
]

[package.extras]
all = ["Sphinx (>=3)", "check-manifest (>=0.42)", "mock (>=1.3.0)", "numpy (>=1.13.0)", "numpy (>=1.15.0)", "numpy (>=1.18.0)", "numpy (>=1.20.0)", "pytest (==5.4.3)", "pytest (>=6)", "pytest-cov (>=2.10.1)", "pytest-isort (>=1.2.0)", "pytest-pycodestyle (>=2)", "pytest-pycodestyle (>=2.2.0)", "pytest-pydocstyle (>=2)", "pytest-pydocstyle (>=2.2.0)", "sphinx (>=3)", "sphinx-rtd-theme (>=0.2)", "tox (>=3.7.0)"]
docs = ["Sphinx (>=3)", "sphinx-rtd-theme (>=0.2)"]
numpy = ["numpy (>=1.13.0)", "numpy (>=1.15.0)", "numpy (>=1.18.0)", "numpy (>=1.20.0)"]
tests = ["check-manifest (>=0.42)", "mock (>=1.3.0)", "pytest (==5.4.3)", "pytest (>=6)", "pytest-cov (>=2.10.1)", "pytest-isort (>=1.2.0)", "pytest-pycodestyle (>=2)", "pytest-pycodestyle (>=2.2.0)", "pytest-pydocstyle (>=2)", "pytest-pydocstyle (>=2.2.0)", "sphinx (>=3)", "tox (>=3.7.0)"]

[[package]]
name = "idna"
version = "3.11"
description = "Internationalized Domain Names in Applications (IDNA)"
optional = false
python-versions = ">=3.8"
files = [
    {file = "idna-3.11-py3-none-any.whl", hash = "sha256:771a87f49d9defaf64091e6e6fe9c18d4833f140bd19464795bc32d966ca37ea"},
    {file = "idna-3.11.tar.gz", hash = "sha256:795dafcc9c04ed0c1fb032c2aa73654d8e8c5023a7df64a53f39190ada629902"},
]

[package.extras]
all = ["flake8 (>=7.1.1)", "mypy (>=1.11.2)", "pytest (>=8.3.2)", "ruff (>=0.6.2)"]

[[package]]
name = "iso8601"
version = "2.1.0"
description = "Simple module to parse ISO 8601 dates"
optional = false
python-versions = ">=3.7,<4.0"
files = [
    {file = "iso8601-2.1.0-py3-none-any.whl", hash = "sha256:aac4145c4dcb66ad8b648a02830f5e2ff6c24af20f4f482689be402db2429242"},
    {file = "iso8601-2.1.0.tar.gz", hash = "sha256:6b1d3829ee8921c4301998c909f7829fa9ed3cbdac0d3b16af2d743aed1ba8df"},
]

[[package]]
name = "pypika-tortoise"
version = "0.6.2"
description = "Forked from pypika and streamline just for tortoise-orm"
optional = false
python-versions = ">=3.9"
files = [
    {file = "pypika_tortoise-0.6.2-py3-none-any.whl", hash = "sha256:425462b02ede0a5ed7b812ec12427419927ed6b19282c55667d1cbc9a440d3cb"},
    {file = "pypika_tortoise-0.6.2.tar.gz", hash = "sha256:f95ab59d9b6454db2e8daa0934728458350a1f3d56e81d9d1debc8eebeff26b3"},
]

[[package]]
name = "pytz"
version = "2025.2"
description = "World timezone definitions, modern and historical"
optional = false
python-versions = "*"
files = [
    {file = "pytz-2025.2-py2.py3-none-any.whl", hash = "sha256:5ddf76296dd8c44c26eb8f4b6f35488f3ccbf6fbbd7adee0b7262d43f0ec2f00"},
    {file = "pytz-2025.2.tar.gz", hash = "sha256:360b9e3dbb49a209c21ad61809c7fb453643e048b38924c765813546746e81c3"},
]

[[package]]
name = "sniffio"
version = "1.3.1"
description = "Sniff out which async library your code is running under"
optional = false
python-versions = ">=3.7"
files = [
    {file = "sniffio-1.3.1-py3-none-any.whl", hash = "sha256:2f6da418d1f1e0fddd844478f41680e794e6051915791a034ff65e5f100525a2"},
    {file = "sniffio-1.3.1.tar.gz", hash = "sha256:f4324edc670a0f49750a81b895f35c3adb843cca46f0530f79fc1babb23789dc"},
]

[[package]]
name = "tortoise-orm"
version = "0.25.1"
description = "Easy async ORM for python, built with relations in mind"
optional = false
python-versions = ">=3.9"
files = [
    {file = "tortoise_orm-0.25.1-py3-none-any.whl", hash = "sha256:df0ef7e06eb0650a7e5074399a51ee6e532043308c612db2cac3882486a3fd9f"},
    {file = "tortoise_orm-0.25.1.tar.gz", hash = "sha256:4d5bfd13d5750935ffe636a6b25597c5c8f51c47e5b72d7509d712eda1a239fe"},
]

[package.dependencies]
aiosqlite = ">=0.16.0,<1.0.0"
iso8601 = {version = ">=2.1.0,<3.0.0", markers = "python_version < \"4.0\""}
pypika-tortoise = {version = ">=0.6.1,<1.0.0", markers = "python_version < \"4.0\""}
pytz = "*"

[package.extras]
accel = ["ciso8601", "orjson", "uvloop"]
aiomysql = ["aiomysql"]
asyncmy = ["asyncmy (>=0.2.8,<1.0.0)"]
asyncodbc = ["asyncodbc (>=0.1.1,<1.0.0)"]
asyncpg = ["asyncpg"]
psycopg = ["psycopg[binary,pool] (>=3.0.12,<4.0.0)"]

[[package]]
name = "typing-extensions"
version = "4.15.0"
description = "Backported and Experimental Type Hints for Python 3.9+"
optional = false
python-versions = ">=3.9"
files = [
    {file = "typing_extensions-4.15.0-py3-none-any.whl", hash = "sha256:f0fa19c6845758ab08074a0cfa8b7aecb71c999ca73d62883bc25cc018c4e548"},
    {file = "typing_extensions-4.15.0.tar.gz", hash = "sha256:0cea48d173cc12fa28ecabc3b837ea3cf6f38c6d1136f85cbaaf598984861466"},
]

[metadata]
lock-version = "2.0"
python-versions = "^3.12"
content-hash = "70f5b97d63f1cc0262939856e99e4c446a6bbfc6fd5eecd20bbfc62546db1a5b"
